{
    "_readme": [
        "This file locks the dependencies of your project to a known state",
        "Read more about it at https://getcomposer.org/doc/01-basic-usage.md#installing-dependencies",
        "This file is @generated automatically"
    ],
    "content-hash": "51ba394b17f6a9d3fa08824f23924fd9",
    "packages": [
        {
            "name": "catfan/medoo",
            "version": "v1.6.1",
            "source": {
                "type": "git",
                "url": "https://github.com/catfan/Medoo.git",
                "reference": "53a02b300d673f716cb06bf0e24fd774ec53939f"
            },
            "dist": {
                "type": "zip",
                "url": "https://api.github.com/repos/catfan/Medoo/zipball/53a02b300d673f716cb06bf0e24fd774ec53939f",
                "reference": "53a02b300d673f716cb06bf0e24fd774ec53939f",
                "shasum": ""
            },
            "require": {
                "ext-pdo": "*",
                "php": ">=5.4"
            },
            "suggest": {
                "ext-pdo_dblib": "For MSSQL or Sybase database on Linux/UNIX platform",
                "ext-pdo_mysql": "For MySQL or MariaDB database",
                "ext-pdo_oci": "For Oracle database",
                "ext-pdo_oci8": "For Oracle version 8 database",
                "ext-pdo_pqsql": "For PostgreSQL database",
                "ext-pdo_sqlite": "For SQLite database",
                "ext-pdo_sqlsrv": "For MSSQL database"
            },
            "type": "framework",
            "autoload": {
                "psr-4": {
                    "Medoo\\": "/src"
                }
            },
            "notification-url": "https://packagist.org/downloads/",
            "license": [
                "MIT"
            ],
            "authors": [
                {
                    "name": "Angel Lai",
                    "email": "angel@catfan.me"
                }
            ],
            "description": "The lightest PHP database framework to accelerate development",
            "homepage": "https://medoo.in",
            "keywords": [
                "database",
                "lightweight",
                "mariadb",
                "mssql",
                "mysql",
                "oracle",
                "php framework",
                "postgresql",
                "sql",
                "sqlite"
            ],
            "time": "2018-12-08T20:24:23+00:00"
        },
        {
            "name": "jhq0113/yaf-yar",
            "version": "1.0.5",
            "source": {
                "type": "git",
                "url": "https://github.com/jhq0113/yaf-yar.git",
                "reference": "b17c230812962d38c10c758966648cff3915b070"
            },
            "dist": {
                "type": "zip",
                "url": "https://api.github.com/repos/jhq0113/yaf-yar/zipball/b17c230812962d38c10c758966648cff3915b070",
                "reference": "b17c230812962d38c10c758966648cff3915b070",
                "shasum": ""
            },
            "require": {
                "catfan/medoo": "*",
                "php": "^7.1"
            },
            "type": "library",
            "autoload": {
                "psr-4": {
                    "yafr\\": "src/"
                }
            },
            "notification-url": "https://packagist.org/downloads/",
            "license": [
                "MIT"
            ],
            "authors": [
                {
                    "name": "Jiang Haiqiang",
                    "email": "jhq0113@163.com",
                    "homepage": "https://github.com/jhq0113",
                    "role": "Developer"
                }
            ],
            "description": "yaf-yar",
            "homepage": "https://github.com/jhq0113/yaf-yar",
            "keywords": [
                "di",
                "ioc",
                "mvc",
                "php",
                "yaf",
                "yar"
            ],
            "time": "2019-03-16T14:15:08+00:00"
        }
    ],
    "packages-dev": [],
    "aliases": [],
    "minimum-stability": "stable",
    "stability-flags": [],
    "prefer-stable": false,
    "prefer-lowest": false,
    "platform": [],
    "platform-dev": []
}
